// !$*UTF8*$!
{
	archiveVersion = 1;
	classes = {
	};
	objectVersion = 46;
	objects = {

/* Begin PBXBuildFile section */
		15B2C0961CA512C400498CEE /* AppDelegate.swift in Sources */ = {isa = PBXBuildFile; fileRef = 15B2C0951CA512C400498CEE /* AppDelegate.swift */; };
		15B2C0981CA512C400498CEE /* ViewController.swift in Sources */ = {isa = PBXBuildFile; fileRef = 15B2C0971CA512C400498CEE /* ViewController.swift */; };
		15B2C09B1CA512C400498CEE /* Main.storyboard in Resources */ = {isa = PBXBuildFile; fileRef = 15B2C0991CA512C400498CEE /* Main.storyboard */; };
		15B2C09D1CA512C400498CEE /* Assets.xcassets in Resources */ = {isa = PBXBuildFile; fileRef = 15B2C09C1CA512C400498CEE /* Assets.xcassets */; };
		15B2C0A01CA512C400498CEE /* LaunchScreen.storyboard in Resources */ = {isa = PBXBuildFile; fileRef = 15B2C09E1CA512C400498CEE /* LaunchScreen.storyboard */; };
		15B2C0A81CA5130100498CEE /* Swizzling.swift in Sources */ = {isa = PBXBuildFile; fileRef = 15B2C0A71CA5130100498CEE /* Swizzling.swift */; };
/* End PBXBuildFile section */

/* Begin PBXFileReference section */
		15B2C0921CA512C400498CEE /* SwizzlingTestSwift.app */ = {isa = PBXFileReference; explicitFileType = wrapper.application; includeInIndex = 0; path = SwizzlingTestSwift.app; sourceTree = BUILT_PRODUCTS_DIR; };
		15B2C0951CA512C400498CEE /* AppDelegate.swift */ = {isa = PBXFileReference; lastKnownFileType = sourcecode.swift; path = AppDelegate.swift; sourceTree = "<group>"; };
		15B2C0971CA512C400498CEE /* ViewController.swift */ = {isa = PBXFileReference; lastKnownFileType = sourcecode.swift; path = ViewController.swift; sourceTree = "<group>"; };
		15B2C09A1CA512C400498CEE /* Base */ = {isa = PBXFileReference; lastKnownFileType = file.storyboard; name = Base; path = Base.lproj/Main.storyboard; sourceTree = "<group>"; };
		15B2C09C1CA512C400498CEE /* Assets.xcassets */ = {isa = PBXFileReference; lastKnownFileType = folder.assetcatalog; path = Assets.xcassets; sourceTree = "<group>"; };
		15B2C09F1CA512C400498CEE /* Base */ = {isa = PBXFileReference; lastKnownFileType = file.storyboard; name = Base; path = Base.lproj/LaunchScreen.storyboard; sourceTree = "<group>"; };
		15B2C0A11CA512C400498CEE /* Info.plist */ = {isa = PBXFileReference; lastKnownFileType = text.plist.xml; path = Info.plist; sourceTree = "<group>"; };
		15B2C0A71CA5130100498CEE /* Swizzling.swift */ = {isa = PBXFileReference; fileEncoding = 4; lastKnownFileType = sourcecode.swift; path = Swizzling.swift; sourceTree = "<group>"; };
/* End PBXFileReference section */

/* Begin PBXFrameworksBuildPhase section */
		15B2C08F1CA512C400498CEE /* Frameworks */ = {
			isa = PBXFrameworksBuildPhase;
			buildActionMask = 2147483647;
			files = (
			);
			runOnlyForDeploymentPostprocessing = 0;
		};
/* End PBXFrameworksBuildPhase section */

/* Begin PBXGroup section */
		15B2C0891CA512C400498CEE = {
			isa = PBXGroup;
			children = (
				15B2C0941CA512C400498CEE /* SwizzlingTestSwift */,
				15B2C0931CA512C400498CEE /* Products */,
			);
			sourceTree = "<group>";
		};
		15B2C0931CA512C400498CEE /* Products */ = {
			isa = PBXGroup;
			children = (
				15B2C0921CA512C400498CEE /* SwizzlingTestSwift.app */,
			);
			name = Products;
			sourceTree = "<group>";
		};
		15B2C0941CA512C400498CEE /* SwizzlingTestSwift */ = {
			isa = PBXGroup;
			children = (
				15B2C0951CA512C400498CEE /* AppDelegate.swift */,
				15B2C0971CA512C400498CEE /* ViewController.swift */,
				15B2C0A71CA5130100498CEE /* Swizzling.swift */,
				15B2C0991CA512C400498CEE /* Main.storyboard */,
				15B2C09C1CA512C400498CEE /* Assets.xcassets */,
				15B2C09E1CA512C400498CEE /* LaunchScreen.storyboard */,
				15B2C0A11CA512C400498CEE /* Info.plist */,
			);
			path = SwizzlingTestSwift;
			sourceTree = "<group>";
		};
/* End PBXGroup section */

/* Begin PBXNativeTarget section */
		15B2C0911CA512C400498CEE /* SwizzlingTestSwift */ = {
			isa = PBXNativeTarget;
			buildConfigurationList = 15B2C0A41CA512C400498CEE /* Build configuration list for PBXNativeTarget "SwizzlingTestSwift" */;
			buildPhases = (
				15B2C08E1CA512C400498CEE /* Sources */,
				15B2C08F1CA512C400498CEE /* Frameworks */,
				15B2C0901CA512C400498CEE /* Resources */,
			);
			buildRules = (
			);
			dependencies = (
			);
			name = SwizzlingTestSwift;
			productName = SwizzlingTestSwift;
			productReference = 15B2C0921CA512C400498CEE /* SwizzlingTestSwift.app */;
			productType = "com.apple.product-type.application";
		};
/* End PBXNativeTarget section */

/* Begin PBXProject section */
		15B2C08A1CA512C400498CEE /* Project object */ = {
			isa = PBXProject;
			attributes = {
				LastSwiftUpdateCheck = 0720;
				LastUpgradeCheck = 0720;
				ORGANIZATIONNAME = Linus;
				TargetAttributes = {
					15B2C0911CA512C400498CEE = {
						CreatedOnToolsVersion = 7.2;
					};
				};
			};
			buildConfigurationList = 15B2C08D1CA512C400498CEE /* Build configuration list for PBXProject "SwizzlingTestSwift" */;
			compatibilityVersion = "Xcode 3.2";
			developmentRegion = English;
			hasScannedForEncodings = 0;
			knownRegions = (
				en,
				Base,
			);
			mainGroup = 15B2C0891CA512C400498CEE;
			productRefGroup = 15B2C0931CA512C400498CEE /* Products */;
			projectDirPath = "";
			projectRoot = "";
			targets = (
				15B2C0911CA512C400498CEE /* SwizzlingTestSwift */,
			);
		};
/* End PBXProject section */

/* Begin PBXResourcesBuildPhase section */
		15B2C0901CA512C400498CEE /* Resources */ = {
			isa = PBXResourcesBuildPhase;
			buildActionMask = 2147483647;
			files = (
				15B2C0A01CA512C400498CEE /* LaunchScreen.storyboard in Resources */,
				15B2C09D1CA512C400498CEE /* Assets.xcassets in Resources */,
				15B2C09B1CA512C400498CEE /* Main.storyboard in Resources */,
			);
			runOnlyForDeploymentPostprocessing = 0;
		};
/* End PBXResourcesBuildPhase section */

/* Begin PBXSourcesBuildPhase section */
		15B2C08E1CA512C400498CEE /* Sources */ = {
			isa = PBXSourcesBuildPhase;
			buildActionMask = 2147483647;
			files = (
				15B2C0981CA512C400498CEE /* ViewController.swift in Sources */,
				15B2C0A81CA5130100498CEE /* Swizzling.swift in Sources */,
				15B2C0961CA512C400498CEE /* AppDelegate.swift in Sources */,
			);
			runOnlyForDeploymentPostprocessing = 0;
		};
/* End PBXSourcesBuildPhase section */

/* Begin PBXVariantGroup section */
		15B2C0991CA512C400498CEE /* Main.storyboard */ = {
			isa = PBXVariantGroup;
			children = (
				15B2C09A1CA512C400498CEE /* Base */,
			);
			name = Main.storyboard;
			sourceTree = "<group>";
		};
		15B2C09E1CA512C400498CEE /* LaunchScreen.storyboard */ = {
			isa = PBXVariantGroup;
			children = (
				15B2C09F1CA512C400498CEE /* Base */,
			);
			name = LaunchScreen.storyboard;
			sourceTree = "<group>";
		};
/* End PBXVariantGroup section */

/* Begin XCBuildConfiguration section */
		15B2C0A21CA512C400498CEE /* Debug */ = {
			isa = XCBuildConfiguration;
			buildSettings = {
				ALWAYS_SEARCH_USER_PATHS = NO;
				CLANG_CXX_LANGUAGE_STANDARD = "gnu++0x";
				CLANG_CXX_LIBRARY = "libc++";
				CLANG_ENABLE_MODULES = YES;
				CLANG_ENABLE_OBJC_ARC = YES;
				CLANG_WARN_BOOL_CONVERSION = YES;
				CLANG_WARN_CONSTANT_CONVERSION = YES;
				CLANG_WARN_DIRECT_OBJC_ISA_USAGE = YES_ERROR;
				CLANG_WARN_EMPTY_BODY = YES;
				CLANG_WARN_ENUM_CONVERSION = YES;
				CLANG_WARN_INT_CONVERSION = YES;
				CLANG_WARN_OBJC_ROOT_CLASS = YES_ERROR;
				CLANG_WARN_UNREACHABLE_CODE = YES;
				CLANG_WARN__DUPLICATE_METHOD_MATCH = YES;
				"CODE_SIGN_IDENTITY[sdk=iphoneos*]" = "iPhone Developer";
				COPY_PHASE_STRIP = NO;
				DEBUG_INFORMATION_FORMAT = dwarf;
				ENABLE_STRICT_OBJC_MSGSEND = YES;
				ENABLE_TESTABILITY = YES;
				GCC_C_LANGUAGE_STANDARD = gnu99;
				GCC_DYNAMIC_NO_PIC = NO;
				GCC_NO_COMMON_BLOCKS = YES;
				GCC_OPTIMIZATION_LEVEL = 0;
				GCC_PREPROCESSOR_DEFINITIONS = (
					"DEBUG=1",
					"$(inherited)",
				);
				GCC_WARN_64_TO_32_BIT_CONVERSION = YES;
				GCC_WARN_ABOUT_RETURN_TYPE = YES_ERROR;
				GCC_WARN_UNDECLARED_SELECTOR = YES;
				GCC_WARN_UNINITIALIZED_AUTOS = YES_AGGRESSIVE;
				GCC_WARN_UNUSED_FUNCTION = YES;
				GCC_WARN_UNUSED_VARIABLE = YES;
				IPHONEOS_DEPLOYMENT_TARGET = 9.2;
				MTL_ENABLE_DEBUG_INFO = YES;
				ONLY_ACTIVE_ARCH = YES;
				SDKROOT = iphoneos;
				SWIFT_OPTIMIZATION_LEVEL = "-Onone";
			};
			name = Debug;
		};
		15B2C0A31CA512C400498CEE /* Release */ = {
			isa = XCBuildConfiguration;
			buildSettings = {
				ALWAYS_SEARCH_USER_PATHS = NO;
				CLANG_CXX_LANGUAGE_STANDARD = "gnu++0x";
				CLANG_CXX_LIBRARY = "libc++";
				CLANG_ENABLE_MODULES = YES;
				CLANG_ENABLE_OBJC_ARC = YES;
				CLANG_WARN_BOOL_CONVERSION = YES;
				CLANG_WARN_CONSTANT_CONVERSION = YES;
				CLANG_WARN_DIRECT_OBJC_ISA_USAGE = YES_ERROR;
				CLANG_WARN_EMPTY_BODY = YES;
				CLANG_WARN_ENUM_CONVERSION = YES;
				CLANG_WARN_INT_CONVERSION = YES;
				CLANG_WARN_OBJC_ROOT_CLASS = YES_ERROR;
				CLANG_WARN_UNREACHABLE_CODE = YES;
				CLANG_WARN__DUPLICATE_METHOD_MATCH = YES;
				"CODE_SIGN_IDENTITY[sdk=iphoneos*]" = "iPhone Developer";
				COPY_PHASE_STRIP = NO;
				DEBUG_INFORMATION_FORMAT = "dwarf-with-dsym";
				ENABLE_NS_ASSERTIONS = NO;
				ENABLE_STRICT_OBJC_MSGSEND = YES;
				GCC_C_LANGUAGE_STANDARD = gnu99;
				GCC_NO_COMMON_BLOCKS = YES;
				GCC_WARN_64_TO_32_BIT_CONVERSION = YES;
				GCC_WARN_ABOUT_RETURN_TYPE = YES_ERROR;
				GCC_WARN_UNDECLARED_SELECTOR = YES;
				GCC_WARN_UNINITIALIZED_AUTOS = YES_AGGRESSIVE;
				GCC_WARN_UNUSED_FUNCTION = YES;
				GCC_WARN_UNUSED_VARIABLE = YES;
				IPHONEOS_DEPLOYMENT_TARGET = 9.2;
				MTL_ENABLE_DEBUG_INFO = NO;
				SDKROOT = iphoneos;
				VALIDATE_PRODUCT = YES;
			};
			name = Release;
		};
		15B2C0A51CA512C400498CEE /* Debug */ = {
			isa = XCBuildConfiguration;
			buildSettings = {
				ASSETCATALOG_COMPILER_APPICON_NAME = AppIcon;
				INFOPLIST_FILE = SwizzlingTestSwift/Info.plist;
				LD_RUNPATH_SEARCH_PATHS = "$(inherited) @executable_path/Frameworks";
				PRODUCT_BUNDLE_IDENTIFIER = com.linusling.SwizzlingTestSwift;
				PRODUCT_NAME = "$(TARGET_NAME)";
			};
			name = Debug;
		};
		15B2C0A61CA512C400498CEE /* Release */ = {
			isa = XCBuildConfiguration;
			buildSettings = {
				ASSETCATALOG_COMPILER_APPICON_NAME = AppIcon;
				INFOPLIST_FILE = SwizzlingTestSwift/Info.plist;
				LD_RUNPATH_SEARCH_PATHS = "$(inherited) @executable_path/Frameworks";
				PRODUCT_BUNDLE_IDENTIFIER = com.linusling.SwizzlingTestSwift;
				PRODUCT_NAME = "$(TARGET_NAME)";
			};
			name = Release;
		};
/* End XCBuildConfiguration section */

/* Begin XCConfigurationList section */
		15B2C08D1CA512C400498CEE /* Build configuration list for PBXProject "SwizzlingTestSwift" */ = {
			isa = XCConfigurationList;
			buildConfigurations = (
				15B2C0A21CA512C400498CEE /* Debug */,
				15B2C0A31CA512C400498CEE /* Release */,
			);
			defaultConfigurationIsVisible = 0;
			defaultConfigurationName = Release;
		};
		15B2C0A41CA512C400498CEE /* Build configuration list for PBXNativeTarget "SwizzlingTestSwift" */ = {
			isa = XCConfigurationList;
			buildConfigurations = (
				15B2C0A51CA512C400498CEE /* Debug */,
				15B2C0A61CA512C400498CEE /* Release */,
			);
			defaultConfigurationIsVisible = 0;
		};
/* End XCConfigurationList section */
	};
	rootObject = 15B2C08A1CA512C400498CEE /* Project object */;
}
